
Microsoft Visual Studio Solution File, Format Version 12.00
# Visual Studio Version 16
VisualStudioVersion = 16.0.29519.87
MinimumVisualStudioVersion = 10.0.40219.1
Project("{FAE04EC0-301F-11D3-BF4B-00C04F79EFBC}") = "Lib_logicadenegocio", "Lib_logicadenegocio\Lib_logicadenegocio.csproj", "{C4F6FBC4-B7DE-42A7-808A-F139C335AF11}"
EndProject
Global
	GlobalSection(SolutionConfigurationPlatforms) = preSolution
		Debug|Any CPU = Debug|Any CPU
		Release|Any CPU = Release|Any CPU
	EndGlobalSection
	GlobalSection(ProjectConfigurationPlatforms) = postSolution
		{C4F6FBC4-B7DE-42A7-808A-F139C335AF11}.Debug|Any CPU.ActiveCfg = Debug|Any CPU
		{C4F6FBC4-B7DE-42A7-808A-F139C335AF11}.Debug|Any CPU.Build.0 = Debug|Any CPU
		{C4F6FBC4-B7DE-42A7-808A-F139C335AF11}.Release|Any CPU.ActiveCfg = Release|Any CPU
		{C4F6FBC4-B7DE-42A7-808A-F139C335AF11}.Release|Any CPU.Build.0 = Release|Any CPU
	EndGlobalSection
	GlobalSection(SolutionProperties) = preSolution
		HideSolutionNode = FALSE
	EndGlobalSection
	GlobalSection(ExtensibilityGlobals) = postSolution
		SolutionGuid = {5F7E22C4-FC5C-4C57-95DC-CB4A1B69B7B4}
	EndGlobalSection
EndGlobal
