
Microsoft Visual Studio Solution File, Format Version 12.00
# Visual Studio Version 16
VisualStudioVersion = 16.0.29519.87
MinimumVisualStudioVersion = 10.0.40219.1
Project("{FAE04EC0-301F-11D3-BF4B-00C04F79EFBC}") = "LogNegocio", "LogNegocio\LogNegocio.csproj", "{B40049DA-68C2-43AA-B03D-58B4F371C4A6}"
EndProject
Global
	GlobalSection(SolutionConfigurationPlatforms) = preSolution
		Debug|Any CPU = Debug|Any CPU
		Release|Any CPU = Release|Any CPU
	EndGlobalSection
	GlobalSection(ProjectConfigurationPlatforms) = postSolution
		{B40049DA-68C2-43AA-B03D-58B4F371C4A6}.Debug|Any CPU.ActiveCfg = Debug|Any CPU
		{B40049DA-68C2-43AA-B03D-58B4F371C4A6}.Debug|Any CPU.Build.0 = Debug|Any CPU
		{B40049DA-68C2-43AA-B03D-58B4F371C4A6}.Release|Any CPU.ActiveCfg = Release|Any CPU
		{B40049DA-68C2-43AA-B03D-58B4F371C4A6}.Release|Any CPU.Build.0 = Release|Any CPU
	EndGlobalSection
	GlobalSection(SolutionProperties) = preSolution
		HideSolutionNode = FALSE
	EndGlobalSection
	GlobalSection(ExtensibilityGlobals) = postSolution
		SolutionGuid = {FA04F27F-94AC-4DDF-82AB-F36210E73E21}
	EndGlobalSection
EndGlobal
